
Microsoft Visual Studio Solution File, Format Version 12.00
# Visual Studio Version 16
VisualStudioVersion = 16.0.31019.35
MinimumVisualStudioVersion = 10.0.40219.1
Project("{FAE04EC0-301F-11D3-BF4B-00C04F79EFBC}") = "Xml.Data", "Xml.Data\Xml.Data.csproj", "{5B6A2F57-13B9-4154-BABF-7059E0767D1A}"
EndProject
Project("{FAE04EC0-301F-11D3-BF4B-00C04F79EFBC}") = "Xml.Console", "Xml.Console\Xml.Console.csproj", "{E6658D84-5C98-4976-9DCC-D595A8183853}"
EndProject
Global
	GlobalSection(SolutionConfigurationPlatforms) = preSolution
		Debug|Any CPU = Debug|Any CPU
		Release|Any CPU = Release|Any CPU
	EndGlobalSection
	GlobalSection(ProjectConfigurationPlatforms) = postSolution
		{5B6A2F57-13B9-4154-BABF-7059E0767D1A}.Debug|Any CPU.ActiveCfg = Debug|Any CPU
		{5B6A2F57-13B9-4154-BABF-7059E0767D1A}.Debug|Any CPU.Build.0 = Debug|Any CPU
		{5B6A2F57-13B9-4154-BABF-7059E0767D1A}.Release|Any CPU.ActiveCfg = Release|Any CPU
		{5B6A2F57-13B9-4154-BABF-7059E0767D1A}.Release|Any CPU.Build.0 = Release|Any CPU
		{E6658D84-5C98-4976-9DCC-D595A8183853}.Debug|Any CPU.ActiveCfg = Debug|Any CPU
		{E6658D84-5C98-4976-9DCC-D595A8183853}.Debug|Any CPU.Build.0 = Debug|Any CPU
		{E6658D84-5C98-4976-9DCC-D595A8183853}.Release|Any CPU.ActiveCfg = Release|Any CPU
		{E6658D84-5C98-4976-9DCC-D595A8183853}.Release|Any CPU.Build.0 = Release|Any CPU
	EndGlobalSection
	GlobalSection(SolutionProperties) = preSolution
		HideSolutionNode = FALSE
	EndGlobalSection
	GlobalSection(ExtensibilityGlobals) = postSolution
		SolutionGuid = {C2EF04D5-1131-4256-9A44-8E30409F2665}
	EndGlobalSection
EndGlobal
