
Microsoft Visual Studio Solution File, Format Version 12.00
# Visual Studio Version 16
VisualStudioVersion = 16.0.31019.35
MinimumVisualStudioVersion = 10.0.40219.1
Project("{FAE04EC0-301F-11D3-BF4B-00C04F79EFBC}") = "Xml.Library", "Xml.Library\Xml.Library.csproj", "{1DAD9614-DC4E-41FF-9BE3-BFD0EEBA5FB2}"
EndProject
Project("{FAE04EC0-301F-11D3-BF4B-00C04F79EFBC}") = "Xml.Console", "Xml.Console\Xml.Console.csproj", "{56FA40DF-9936-4E0F-9775-89F95885EF90}"
EndProject
Global
	GlobalSection(SolutionConfigurationPlatforms) = preSolution
		Debug|Any CPU = Debug|Any CPU
		Release|Any CPU = Release|Any CPU
	EndGlobalSection
	GlobalSection(ProjectConfigurationPlatforms) = postSolution
		{1DAD9614-DC4E-41FF-9BE3-BFD0EEBA5FB2}.Debug|Any CPU.ActiveCfg = Debug|Any CPU
		{1DAD9614-DC4E-41FF-9BE3-BFD0EEBA5FB2}.Debug|Any CPU.Build.0 = Debug|Any CPU
		{1DAD9614-DC4E-41FF-9BE3-BFD0EEBA5FB2}.Release|Any CPU.ActiveCfg = Release|Any CPU
		{1DAD9614-DC4E-41FF-9BE3-BFD0EEBA5FB2}.Release|Any CPU.Build.0 = Release|Any CPU
		{56FA40DF-9936-4E0F-9775-89F95885EF90}.Debug|Any CPU.ActiveCfg = Debug|Any CPU
		{56FA40DF-9936-4E0F-9775-89F95885EF90}.Debug|Any CPU.Build.0 = Debug|Any CPU
		{56FA40DF-9936-4E0F-9775-89F95885EF90}.Release|Any CPU.ActiveCfg = Release|Any CPU
		{56FA40DF-9936-4E0F-9775-89F95885EF90}.Release|Any CPU.Build.0 = Release|Any CPU
	EndGlobalSection
	GlobalSection(SolutionProperties) = preSolution
		HideSolutionNode = FALSE
	EndGlobalSection
	GlobalSection(ExtensibilityGlobals) = postSolution
		SolutionGuid = {B3FF8512-A05F-4E86-8433-3A230AF0A903}
	EndGlobalSection
EndGlobal
